
Microsoft Visual Studio Solution File, Format Version 12.00
# Visual Studio Version 16
VisualStudioVersion = 25.0.1704.3
MinimumVisualStudioVersion = 10.0.40219.1
Project("{FAE04EC0-301F-11D3-BF4B-00C04F79EFBC}") = "TechMaturity.Domain", "TechMaturity.Domain\TechMaturity.Domain.csproj", "{E4B5124D-BFFD-40EE-AC8D-3687DA092BF2}"
EndProject
Project("{FAE04EC0-301F-11D3-BF4B-00C04F79EFBC}") = "TechMaturity.Application", "TechMaturity.Application\TechMaturity.Application.csproj", "{EF01ED79-0AD8-4B08-8180-0ACF02A738E0}"
EndProject
Project("{FAE04EC0-301F-11D3-BF4B-00C04F79EFBC}") = "TechMaturity.Infra.Data", "TechMaturity.Infra.Data\TechMaturity.Infra.Data.csproj", "{7D6A5C75-559C-4285-AAF0-1DAE8DF6AD52}"
EndProject
Project("{FAE04EC0-301F-11D3-BF4B-00C04F79EFBC}") = "TechMaturity.Infra.IoC", "TechMaturity.Infra.IoC\TechMaturity.Infra.IoC.csproj", "{9A5C8314-88DC-4F5C-B35B-DBD3FEF61759}"
EndProject
Project("{FAE04EC0-301F-11D3-BF4B-00C04F79EFBC}") = "TechMaturity.WebUI", "TechMaturity.WebUI\TechMaturity.WebUI.csproj", "{B071B736-77B4-46F7-8186-3612726FA9AF}"
EndProject
Project("{FAE04EC0-301F-11D3-BF4B-00C04F79EFBC}") = "TechMaturity.Domain.Tests", "TechMaturity.Domain.Tests\TechMaturity.Domain.Tests.csproj", "{33698D96-2796-4E14-9144-24CAD82ECE9B}"
EndProject
Project("{FAE04EC0-301F-11D3-BF4B-00C04F79EFBC}") = "TechMaturity.API", "TechMaturity.API\TechMaturity.API.csproj", "{79441A28-BD1F-445B-AA60-BAA0A5ADD95A}"
EndProject
Project("{2150E333-8FDC-42A3-9474-1A3956D46DE8}") = "Scripts Tabelas", "Scripts Tabelas", "{4867B7A7-A461-48B1-8E4C-0AAEF632CED0}"
	ProjectSection(SolutionItems) = preProject
		DDL Azure Sql.txt = DDL Azure Sql.txt
		DDL MySql.txt = DDL MySql.txt
	EndProjectSection
EndProject
Global
	GlobalSection(SolutionConfigurationPlatforms) = preSolution
		Debug|Any CPU = Debug|Any CPU
		Release|Any CPU = Release|Any CPU
	EndGlobalSection
	GlobalSection(ProjectConfigurationPlatforms) = postSolution
		{E4B5124D-BFFD-40EE-AC8D-3687DA092BF2}.Debug|Any CPU.ActiveCfg = Debug|Any CPU
		{E4B5124D-BFFD-40EE-AC8D-3687DA092BF2}.Debug|Any CPU.Build.0 = Debug|Any CPU
		{E4B5124D-BFFD-40EE-AC8D-3687DA092BF2}.Release|Any CPU.ActiveCfg = Release|Any CPU
		{E4B5124D-BFFD-40EE-AC8D-3687DA092BF2}.Release|Any CPU.Build.0 = Release|Any CPU
		{EF01ED79-0AD8-4B08-8180-0ACF02A738E0}.Debug|Any CPU.ActiveCfg = Debug|Any CPU
		{EF01ED79-0AD8-4B08-8180-0ACF02A738E0}.Debug|Any CPU.Build.0 = Debug|Any CPU
		{EF01ED79-0AD8-4B08-8180-0ACF02A738E0}.Release|Any CPU.ActiveCfg = Release|Any CPU
		{EF01ED79-0AD8-4B08-8180-0ACF02A738E0}.Release|Any CPU.Build.0 = Release|Any CPU
		{7D6A5C75-559C-4285-AAF0-1DAE8DF6AD52}.Debug|Any CPU.ActiveCfg = Debug|Any CPU
		{7D6A5C75-559C-4285-AAF0-1DAE8DF6AD52}.Debug|Any CPU.Build.0 = Debug|Any CPU
		{7D6A5C75-559C-4285-AAF0-1DAE8DF6AD52}.Release|Any CPU.ActiveCfg = Release|Any CPU
		{7D6A5C75-559C-4285-AAF0-1DAE8DF6AD52}.Release|Any CPU.Build.0 = Release|Any CPU
		{9A5C8314-88DC-4F5C-B35B-DBD3FEF61759}.Debug|Any CPU.ActiveCfg = Debug|Any CPU
		{9A5C8314-88DC-4F5C-B35B-DBD3FEF61759}.Debug|Any CPU.Build.0 = Debug|Any CPU
		{9A5C8314-88DC-4F5C-B35B-DBD3FEF61759}.Release|Any CPU.ActiveCfg = Release|Any CPU
		{9A5C8314-88DC-4F5C-B35B-DBD3FEF61759}.Release|Any CPU.Build.0 = Release|Any CPU
		{B071B736-77B4-46F7-8186-3612726FA9AF}.Debug|Any CPU.ActiveCfg = Debug|Any CPU
		{B071B736-77B4-46F7-8186-3612726FA9AF}.Debug|Any CPU.Build.0 = Debug|Any CPU
		{B071B736-77B4-46F7-8186-3612726FA9AF}.Release|Any CPU.ActiveCfg = Release|Any CPU
		{B071B736-77B4-46F7-8186-3612726FA9AF}.Release|Any CPU.Build.0 = Release|Any CPU
		{33698D96-2796-4E14-9144-24CAD82ECE9B}.Debug|Any CPU.ActiveCfg = Debug|Any CPU
		{33698D96-2796-4E14-9144-24CAD82ECE9B}.Debug|Any CPU.Build.0 = Debug|Any CPU
		{33698D96-2796-4E14-9144-24CAD82ECE9B}.Release|Any CPU.ActiveCfg = Release|Any CPU
		{33698D96-2796-4E14-9144-24CAD82ECE9B}.Release|Any CPU.Build.0 = Release|Any CPU
		{79441A28-BD1F-445B-AA60-BAA0A5ADD95A}.Debug|Any CPU.ActiveCfg = Debug|Any CPU
		{79441A28-BD1F-445B-AA60-BAA0A5ADD95A}.Debug|Any CPU.Build.0 = Debug|Any CPU
		{79441A28-BD1F-445B-AA60-BAA0A5ADD95A}.Release|Any CPU.ActiveCfg = Release|Any CPU
		{79441A28-BD1F-445B-AA60-BAA0A5ADD95A}.Release|Any CPU.Build.0 = Release|Any CPU
	EndGlobalSection
	GlobalSection(SolutionProperties) = preSolution
		HideSolutionNode = FALSE
	EndGlobalSection
	GlobalSection(ExtensibilityGlobals) = postSolution
		SolutionGuid = {27415358-9E7F-4684-BAA6-B0CA6C969DBD}
	EndGlobalSection
EndGlobal
